
Microsoft Visual Studio Solution File, Format Version 12.00
# Visual Studio Version 17
VisualStudioVersion = 17.1.32328.378
MinimumVisualStudioVersion = 10.0.40219.1
Project("{FAE04EC0-301F-11D3-BF4B-00C04F79EFBC}") = "WindowsFormsApp5", "WindowsFormsApp5\WindowsFormsApp5.csproj", "{2DFB9CC7-78C5-4925-973B-5AA10D3130D9}"
EndProject
Global
	GlobalSection(SolutionConfigurationPlatforms) = preSolution
		Debug|Any CPU = Debug|Any CPU
		Release|Any CPU = Release|Any CPU
	EndGlobalSection
	GlobalSection(ProjectConfigurationPlatforms) = postSolution
		{2DFB9CC7-78C5-4925-973B-5AA10D3130D9}.Debug|Any CPU.ActiveCfg = Debug|Any CPU
		{2DFB9CC7-78C5-4925-973B-5AA10D3130D9}.Debug|Any CPU.Build.0 = Debug|Any CPU
		{2DFB9CC7-78C5-4925-973B-5AA10D3130D9}.Release|Any CPU.ActiveCfg = Release|Any CPU
		{2DFB9CC7-78C5-4925-973B-5AA10D3130D9}.Release|Any CPU.Build.0 = Release|Any CPU
	EndGlobalSection
	GlobalSection(SolutionProperties) = preSolution
		HideSolutionNode = FALSE
	EndGlobalSection
	GlobalSection(ExtensibilityGlobals) = postSolution
		SolutionGuid = {EAB850B5-BB05-4542-AAC3-22AC5BAB63F1}
	EndGlobalSection
EndGlobal
